// !$*UTF8*$!
{
	archiveVersion = 1;
	classes = {
	};
	objectVersion = 46;
	objects = {

/* Begin PBXBuildFile section */
		990604471B05462800BF7DC6 /* main.m in Sources */ = {isa = PBXBuildFile; fileRef = 990604461B05462800BF7DC6 /* main.m */; };
		9906044A1B05462800BF7DC6 /* AppDelegate.m in Sources */ = {isa = PBXBuildFile; fileRef = 990604491B05462800BF7DC6 /* AppDelegate.m */; };
		9906044D1B05462800BF7DC6 /* ViewController.m in Sources */ = {isa = PBXBuildFile; fileRef = 9906044C1B05462800BF7DC6 /* ViewController.m */; };
		990604501B05462800BF7DC6 /* Main.storyboard in Resources */ = {isa = PBXBuildFile; fileRef = 9906044E1B05462800BF7DC6 /* Main.storyboard */; };
		990604521B05462800BF7DC6 /* Images.xcassets in Resources */ = {isa = PBXBuildFile; fileRef = 990604511B05462800BF7DC6 /* Images.xcassets */; };
		990604551B05462800BF7DC6 /* LaunchScreen.xib in Resources */ = {isa = PBXBuildFile; fileRef = 990604531B05462800BF7DC6 /* LaunchScreen.xib */; };
		990604611B05462800BF7DC6 /* mobilemakers_tictactoeTests.m in Sources */ = {isa = PBXBuildFile; fileRef = 990604601B05462800BF7DC6 /* mobilemakers_tictactoeTests.m */; };
/* End PBXBuildFile section */

/* Begin PBXContainerItemProxy section */
		9906045B1B05462800BF7DC6 /* PBXContainerItemProxy */ = {
			isa = PBXContainerItemProxy;
			containerPortal = 990604391B05462800BF7DC6 /* Project object */;
			proxyType = 1;
			remoteGlobalIDString = 990604401B05462800BF7DC6;
			remoteInfo = "mobilemakers-tictactoe";
		};
/* End PBXContainerItemProxy section */

/* Begin PBXFileReference section */
		990604411B05462800BF7DC6 /* mobilemakers-tictactoe.app */ = {isa = PBXFileReference; explicitFileType = wrapper.application; includeInIndex = 0; path = "mobilemakers-tictactoe.app"; sourceTree = BUILT_PRODUCTS_DIR; };
		990604451B05462800BF7DC6 /* Info.plist */ = {isa = PBXFileReference; lastKnownFileType = text.plist.xml; path = Info.plist; sourceTree = "<group>"; };
		990604461B05462800BF7DC6 /* main.m */ = {isa = PBXFileReference; lastKnownFileType = sourcecode.c.objc; path = main.m; sourceTree = "<group>"; };
		990604481B05462800BF7DC6 /* AppDelegate.h */ = {isa = PBXFileReference; lastKnownFileType = sourcecode.c.h; path = AppDelegate.h; sourceTree = "<group>"; };
		990604491B05462800BF7DC6 /* AppDelegate.m */ = {isa = PBXFileReference; lastKnownFileType = sourcecode.c.objc; path = AppDelegate.m; sourceTree = "<group>"; };
		9906044B1B05462800BF7DC6 /* ViewController.h */ = {isa = PBXFileReference; lastKnownFileType = sourcecode.c.h; path = ViewController.h; sourceTree = "<group>"; };
		9906044C1B05462800BF7DC6 /* ViewController.m */ = {isa = PBXFileReference; lastKnownFileType = sourcecode.c.objc; path = ViewController.m; sourceTree = "<group>"; };
		9906044F1B05462800BF7DC6 /* Base */ = {isa = PBXFileReference; lastKnownFileType = file.storyboard; name = Base; path = Base.lproj/Main.storyboard; sourceTree = "<group>"; };
		990604511B05462800BF7DC6 /* Images.xcassets */ = {isa = PBXFileReference; lastKnownFileType = folder.assetcatalog; path = Images.xcassets; sourceTree = "<group>"; };
		990604541B05462800BF7DC6 /* Base */ = {isa = PBXFileReference; lastKnownFileType = file.xib; name = Base; path = Base.lproj/LaunchScreen.xib; sourceTree = "<group>"; };
		9906045A1B05462800BF7DC6 /* mobilemakers-tictactoeTests.xctest */ = {isa = PBXFileReference; explicitFileType = wrapper.cfbundle; includeInIndex = 0; path = "mobilemakers-tictactoeTests.xctest"; sourceTree = BUILT_PRODUCTS_DIR; };
		9906045F1B05462800BF7DC6 /* Info.plist */ = {isa = PBXFileReference; lastKnownFileType = text.plist.xml; path = Info.plist; sourceTree = "<group>"; };
		990604601B05462800BF7DC6 /* mobilemakers_tictactoeTests.m */ = {isa = PBXFileReference; lastKnownFileType = sourcecode.c.objc; path = mobilemakers_tictactoeTests.m; sourceTree = "<group>"; };
/* End PBXFileReference section */

/* Begin PBXFrameworksBuildPhase section */
		9906043E1B05462800BF7DC6 /* Frameworks */ = {
			isa = PBXFrameworksBuildPhase;
			buildActionMask = 2147483647;
			files = (
			);
			runOnlyForDeploymentPostprocessing = 0;
		};
		990604571B05462800BF7DC6 /* Frameworks */ = {
			isa = PBXFrameworksBuildPhase;
			buildActionMask = 2147483647;
			files = (
			);
			runOnlyForDeploymentPostprocessing = 0;
		};
/* End PBXFrameworksBuildPhase section */

/* Begin PBXGroup section */
		990604381B05462800BF7DC6 = {
			isa = PBXGroup;
			children = (
				990604431B05462800BF7DC6 /* mobilemakers-tictactoe */,
				9906045D1B05462800BF7DC6 /* mobilemakers-tictactoeTests */,
				990604421B05462800BF7DC6 /* Products */,
			);
			sourceTree = "<group>";
		};
		990604421B05462800BF7DC6 /* Products */ = {
			isa = PBXGroup;
			children = (
				990604411B05462800BF7DC6 /* mobilemakers-tictactoe.app */,
				9906045A1B05462800BF7DC6 /* mobilemakers-tictactoeTests.xctest */,
			);
			name = Products;
			sourceTree = "<group>";
		};
		990604431B05462800BF7DC6 /* mobilemakers-tictactoe */ = {
			isa = PBXGroup;
			children = (
				990604481B05462800BF7DC6 /* AppDelegate.h */,
				990604491B05462800BF7DC6 /* AppDelegate.m */,
				9906044B1B05462800BF7DC6 /* ViewController.h */,
				9906044C1B05462800BF7DC6 /* ViewController.m */,
				9906044E1B05462800BF7DC6 /* Main.storyboard */,
				990604511B05462800BF7DC6 /* Images.xcassets */,
				990604531B05462800BF7DC6 /* LaunchScreen.xib */,
				990604441B05462800BF7DC6 /* Supporting Files */,
			);
			path = "mobilemakers-tictactoe";
			sourceTree = "<group>";
		};
		990604441B05462800BF7DC6 /* Supporting Files */ = {
			isa = PBXGroup;
			children = (
				990604451B05462800BF7DC6 /* Info.plist */,
				990604461B05462800BF7DC6 /* main.m */,
			);
			name = "Supporting Files";
			sourceTree = "<group>";
		};
		9906045D1B05462800BF7DC6 /* mobilemakers-tictactoeTests */ = {
			isa = PBXGroup;
			children = (
				990604601B05462800BF7DC6 /* mobilemakers_tictactoeTests.m */,
				9906045E1B05462800BF7DC6 /* Supporting Files */,
			);
			path = "mobilemakers-tictactoeTests";
			sourceTree = "<group>";
		};
		9906045E1B05462800BF7DC6 /* Supporting Files */ = {
			isa = PBXGroup;
			children = (
				9906045F1B05462800BF7DC6 /* Info.plist */,
			);
			name = "Supporting Files";
			sourceTree = "<group>";
		};
/* End PBXGroup section */

/* Begin PBXNativeTarget section */
		990604401B05462800BF7DC6 /* mobilemakers-tictactoe */ = {
			isa = PBXNativeTarget;
			buildConfigurationList = 990604641B05462800BF7DC6 /* Build configuration list for PBXNativeTarget "mobilemakers-tictactoe" */;
			buildPhases = (
				9906043D1B05462800BF7DC6 /* Sources */,
				9906043E1B05462800BF7DC6 /* Frameworks */,
				9906043F1B05462800BF7DC6 /* Resources */,
			);
			buildRules = (
			);
			dependencies = (
			);
			name = "mobilemakers-tictactoe";
			productName = "mobilemakers-tictactoe";
			productReference = 990604411B05462800BF7DC6 /* mobilemakers-tictactoe.app */;
			productType = "com.apple.product-type.application";
		};
		990604591B05462800BF7DC6 /* mobilemakers-tictactoeTests */ = {
			isa = PBXNativeTarget;
			buildConfigurationList = 990604671B05462800BF7DC6 /* Build configuration list for PBXNativeTarget "mobilemakers-tictactoeTests" */;
			buildPhases = (
				990604561B05462800BF7DC6 /* Sources */,
				990604571B05462800BF7DC6 /* Frameworks */,
				990604581B05462800BF7DC6 /* Resources */,
			);
			buildRules = (
			);
			dependencies = (
				9906045C1B05462800BF7DC6 /* PBXTargetDependency */,
			);
			name = "mobilemakers-tictactoeTests";
			productName = "mobilemakers-tictactoeTests";
			productReference = 9906045A1B05462800BF7DC6 /* mobilemakers-tictactoeTests.xctest */;
			productType = "com.apple.product-type.bundle.unit-test";
		};
/* End PBXNativeTarget section */

/* Begin PBXProject section */
		990604391B05462800BF7DC6 /* Project object */ = {
			isa = PBXProject;
			attributes = {
				LastUpgradeCheck = 0630;
				ORGANIZATIONNAME = "John McClelland";
				TargetAttributes = {
					990604401B05462800BF7DC6 = {
						CreatedOnToolsVersion = 6.3.1;
					};
					990604591B05462800BF7DC6 = {
						CreatedOnToolsVersion = 6.3.1;
						TestTargetID = 990604401B05462800BF7DC6;
					};
				};
			};
			buildConfigurationList = 9906043C1B05462800BF7DC6 /* Build configuration list for PBXProject "mobilemakers-tictactoe" */;
			compatibilityVersion = "Xcode 3.2";
			developmentRegion = English;
			hasScannedForEncodings = 0;
			knownRegions = (
				en,
				Base,
			);
			mainGroup = 990604381B05462800BF7DC6;
			productRefGroup = 990604421B05462800BF7DC6 /* Products */;
			projectDirPath = "";
			projectRoot = "";
			targets = (
				990604401B05462800BF7DC6 /* mobilemakers-tictactoe */,
				990604591B05462800BF7DC6 /* mobilemakers-tictactoeTests */,
			);
		};
/* End PBXProject section */

/* Begin PBXResourcesBuildPhase section */
		9906043F1B05462800BF7DC6 /* Resources */ = {
			isa = PBXResourcesBuildPhase;
			buildActionMask = 2147483647;
			files = (
				990604501B05462800BF7DC6 /* Main.storyboard in Resources */,
				990604551B05462800BF7DC6 /* LaunchScreen.xib in Resources */,
				990604521B05462800BF7DC6 /* Images.xcassets in Resources */,
			);
			runOnlyForDeploymentPostprocessing = 0;
		};
		990604581B05462800BF7DC6 /* Resources */ = {
			isa = PBXResourcesBuildPhase;
			buildActionMask = 2147483647;
			files = (
			);
			runOnlyForDeploymentPostprocessing = 0;
		};
/* End PBXResourcesBuildPhase section */

/* Begin PBXSourcesBuildPhase section */
		9906043D1B05462800BF7DC6 /* Sources */ = {
			isa = PBXSourcesBuildPhase;
			buildActionMask = 2147483647;
			files = (
				9906044D1B05462800BF7DC6 /* ViewController.m in Sources */,
				9906044A1B05462800BF7DC6 /* AppDelegate.m in Sources */,
				990604471B05462800BF7DC6 /* main.m in Sources */,
			);
			runOnlyForDeploymentPostprocessing = 0;
		};
		990604561B05462800BF7DC6 /* Sources */ = {
			isa = PBXSourcesBuildPhase;
			buildActionMask = 2147483647;
			files = (
				990604611B05462800BF7DC6 /* mobilemakers_tictactoeTests.m in Sources */,
			);
			runOnlyForDeploymentPostprocessing = 0;
		};
/* End PBXSourcesBuildPhase section */

/* Begin PBXTargetDependency section */
		9906045C1B05462800BF7DC6 /* PBXTargetDependency */ = {
			isa = PBXTargetDependency;
			target = 990604401B05462800BF7DC6 /* mobilemakers-tictactoe */;
			targetProxy = 9906045B1B05462800BF7DC6 /* PBXContainerItemProxy */;
		};
/* End PBXTargetDependency section */

/* Begin PBXVariantGroup section */
		9906044E1B05462800BF7DC6 /* Main.storyboard */ = {
			isa = PBXVariantGroup;
			children = (
				9906044F1B05462800BF7DC6 /* Base */,
			);
			name = Main.storyboard;
			sourceTree = "<group>";
		};
		990604531B05462800BF7DC6 /* LaunchScreen.xib */ = {
			isa = PBXVariantGroup;
			children = (
				990604541B05462800BF7DC6 /* Base */,
			);
			name = LaunchScreen.xib;
			sourceTree = "<group>";
		};
/* End PBXVariantGroup section */

/* Begin XCBuildConfiguration section */
		990604621B05462800BF7DC6 /* Debug */ = {
			isa = XCBuildConfiguration;
			buildSettings = {
				ALWAYS_SEARCH_USER_PATHS = NO;
				CLANG_CXX_LANGUAGE_STANDARD = "gnu++0x";
				CLANG_CXX_LIBRARY = "libc++";
				CLANG_ENABLE_MODULES = YES;
				CLANG_ENABLE_OBJC_ARC = YES;
				CLANG_WARN_BOOL_CONVERSION = YES;
				CLANG_WARN_CONSTANT_CONVERSION = YES;
				CLANG_WARN_DIRECT_OBJC_ISA_USAGE = YES_ERROR;
				CLANG_WARN_EMPTY_BODY = YES;
				CLANG_WARN_ENUM_CONVERSION = YES;
				CLANG_WARN_INT_CONVERSION = YES;
				CLANG_WARN_OBJC_ROOT_CLASS = YES_ERROR;
				CLANG_WARN_UNREACHABLE_CODE = YES;
				CLANG_WARN__DUPLICATE_METHOD_MATCH = YES;
				"CODE_SIGN_IDENTITY[sdk=iphoneos*]" = "iPhone Developer";
				COPY_PHASE_STRIP = NO;
				DEBUG_INFORMATION_FORMAT = "dwarf-with-dsym";
				ENABLE_STRICT_OBJC_MSGSEND = YES;
				GCC_C_LANGUAGE_STANDARD = gnu99;
				GCC_DYNAMIC_NO_PIC = NO;
				GCC_NO_COMMON_BLOCKS = YES;
				GCC_OPTIMIZATION_LEVEL = 0;
				GCC_PREPROCESSOR_DEFINITIONS = (
					"DEBUG=1",
					"$(inherited)",
				);
				GCC_SYMBOLS_PRIVATE_EXTERN = NO;
				GCC_WARN_64_TO_32_BIT_CONVERSION = YES;
				GCC_WARN_ABOUT_RETURN_TYPE = YES_ERROR;
				GCC_WARN_UNDECLARED_SELECTOR = YES;
				GCC_WARN_UNINITIALIZED_AUTOS = YES_AGGRESSIVE;
				GCC_WARN_UNUSED_FUNCTION = YES;
				GCC_WARN_UNUSED_VARIABLE = YES;
				IPHONEOS_DEPLOYMENT_TARGET = 8.3;
				MTL_ENABLE_DEBUG_INFO = YES;
				ONLY_ACTIVE_ARCH = YES;
				SDKROOT = iphoneos;
			};
			name = Debug;
		};
		990604631B05462800BF7DC6 /* Release */ = {
			isa = XCBuildConfiguration;
			buildSettings = {
				ALWAYS_SEARCH_USER_PATHS = NO;
				CLANG_CXX_LANGUAGE_STANDARD = "gnu++0x";
				CLANG_CXX_LIBRARY = "libc++";
				CLANG_ENABLE_MODULES = YES;
				CLANG_ENABLE_OBJC_ARC = YES;
				CLANG_WARN_BOOL_CONVERSION = YES;
				CLANG_WARN_CONSTANT_CONVERSION = YES;
				CLANG_WARN_DIRECT_OBJC_ISA_USAGE = YES_ERROR;
				CLANG_WARN_EMPTY_BODY = YES;
				CLANG_WARN_ENUM_CONVERSION = YES;
				CLANG_WARN_INT_CONVERSION = YES;
				CLANG_WARN_OBJC_ROOT_CLASS = YES_ERROR;
				CLANG_WARN_UNREACHABLE_CODE = YES;
				CLANG_WARN__DUPLICATE_METHOD_MATCH = YES;
				"CODE_SIGN_IDENTITY[sdk=iphoneos*]" = "iPhone Developer";
				COPY_PHASE_STRIP = NO;
				DEBUG_INFORMATION_FORMAT = "dwarf-with-dsym";
				ENABLE_NS_ASSERTIONS = NO;
				ENABLE_STRICT_OBJC_MSGSEND = YES;
				GCC_C_LANGUAGE_STANDARD = gnu99;
				GCC_NO_COMMON_BLOCKS = YES;
				GCC_WARN_64_TO_32_BIT_CONVERSION = YES;
				GCC_WARN_ABOUT_RETURN_TYPE = YES_ERROR;
				GCC_WARN_UNDECLARED_SELECTOR = YES;
				GCC_WARN_UNINITIALIZED_AUTOS = YES_AGGRESSIVE;
				GCC_WARN_UNUSED_FUNCTION = YES;
				GCC_WARN_UNUSED_VARIABLE = YES;
				IPHONEOS_DEPLOYMENT_TARGET = 8.3;
				MTL_ENABLE_DEBUG_INFO = NO;
				SDKROOT = iphoneos;
				VALIDATE_PRODUCT = YES;
			};
			name = Release;
		};
		990604651B05462800BF7DC6 /* Debug */ = {
			isa = XCBuildConfiguration;
			buildSettings = {
				ASSETCATALOG_COMPILER_APPICON_NAME = AppIcon;
				INFOPLIST_FILE = "mobilemakers-tictactoe/Info.plist";
				LD_RUNPATH_SEARCH_PATHS = "$(inherited) @executable_path/Frameworks";
				PRODUCT_NAME = "$(TARGET_NAME)";
			};
			name = Debug;
		};
		990604661B05462800BF7DC6 /* Release */ = {
			isa = XCBuildConfiguration;
			buildSettings = {
				ASSETCATALOG_COMPILER_APPICON_NAME = AppIcon;
				INFOPLIST_FILE = "mobilemakers-tictactoe/Info.plist";
				LD_RUNPATH_SEARCH_PATHS = "$(inherited) @executable_path/Frameworks";
				PRODUCT_NAME = "$(TARGET_NAME)";
			};
			name = Release;
		};
		990604681B05462800BF7DC6 /* Debug */ = {
			isa = XCBuildConfiguration;
			buildSettings = {
				BUNDLE_LOADER = "$(TEST_HOST)";
				FRAMEWORK_SEARCH_PATHS = (
					"$(SDKROOT)/Developer/Library/Frameworks",
					"$(inherited)",
				);
				GCC_PREPROCESSOR_DEFINITIONS = (
					"DEBUG=1",
					"$(inherited)",
				);
				INFOPLIST_FILE = "mobilemakers-tictactoeTests/Info.plist";
				LD_RUNPATH_SEARCH_PATHS = "$(inherited) @executable_path/Frameworks @loader_path/Frameworks";
				PRODUCT_NAME = "$(TARGET_NAME)";
				TEST_HOST = "$(BUILT_PRODUCTS_DIR)/mobilemakers-tictactoe.app/mobilemakers-tictactoe";
			};
			name = Debug;
		};
		990604691B05462800BF7DC6 /* Release */ = {
			isa = XCBuildConfiguration;
			buildSettings = {
				BUNDLE_LOADER = "$(TEST_HOST)";
				FRAMEWORK_SEARCH_PATHS = (
					"$(SDKROOT)/Developer/Library/Frameworks",
					"$(inherited)",
				);
				INFOPLIST_FILE = "mobilemakers-tictactoeTests/Info.plist";
				LD_RUNPATH_SEARCH_PATHS = "$(inherited) @executable_path/Frameworks @loader_path/Frameworks";
				PRODUCT_NAME = "$(TARGET_NAME)";
				TEST_HOST = "$(BUILT_PRODUCTS_DIR)/mobilemakers-tictactoe.app/mobilemakers-tictactoe";
			};
			name = Release;
		};
/* End XCBuildConfiguration section */

/* Begin XCConfigurationList section */
		9906043C1B05462800BF7DC6 /* Build configuration list for PBXProject "mobilemakers-tictactoe" */ = {
			isa = XCConfigurationList;
			buildConfigurations = (
				990604621B05462800BF7DC6 /* Debug */,
				990604631B05462800BF7DC6 /* Release */,
			);
			defaultConfigurationIsVisible = 0;
			defaultConfigurationName = Release;
		};
		990604641B05462800BF7DC6 /* Build configuration list for PBXNativeTarget "mobilemakers-tictactoe" */ = {
			isa = XCConfigurationList;
			buildConfigurations = (
				990604651B05462800BF7DC6 /* Debug */,
				990604661B05462800BF7DC6 /* Release */,
			);
			defaultConfigurationIsVisible = 0;
		};
		990604671B05462800BF7DC6 /* Build configuration list for PBXNativeTarget "mobilemakers-tictactoeTests" */ = {
			isa = XCConfigurationList;
			buildConfigurations = (
				990604681B05462800BF7DC6 /* Debug */,
				990604691B05462800BF7DC6 /* Release */,
			);
			defaultConfigurationIsVisible = 0;
		};
/* End XCConfigurationList section */
	};
	rootObject = 990604391B05462800BF7DC6 /* Project object */;
}
